
Microsoft Visual Studio Solution File, Format Version 12.00
# Visual Studio 15
VisualStudioVersion = 15.0.27130.2027
MinimumVisualStudioVersion = 10.0.40219.1
Project("{FAE04EC0-301F-11D3-BF4B-00C04F79EFBC}") = "Banban.Tools", "Banban.Tools\Banban.Tools.csproj", "{4E7D0E14-3BB3-472B-8FDE-A596126B6114}"
EndProject
Global
	GlobalSection(SolutionConfigurationPlatforms) = preSolution
		Debug|Any CPU = Debug|Any CPU
		Release|Any CPU = Release|Any CPU
	EndGlobalSection
	GlobalSection(ProjectConfigurationPlatforms) = postSolution
		{4E7D0E14-3BB3-472B-8FDE-A596126B6114}.Debug|Any CPU.ActiveCfg = Debug|Any CPU
		{4E7D0E14-3BB3-472B-8FDE-A596126B6114}.Debug|Any CPU.Build.0 = Debug|Any CPU
		{4E7D0E14-3BB3-472B-8FDE-A596126B6114}.Release|Any CPU.ActiveCfg = Release|Any CPU
		{4E7D0E14-3BB3-472B-8FDE-A596126B6114}.Release|Any CPU.Build.0 = Release|Any CPU
	EndGlobalSection
	GlobalSection(SolutionProperties) = preSolution
		HideSolutionNode = FALSE
	EndGlobalSection
	GlobalSection(ExtensibilityGlobals) = postSolution
		SolutionGuid = {25221D1D-03BE-4E09-B9E6-CAE1EFEB85F8}
	EndGlobalSection
EndGlobal
